
Microsoft Visual Studio Solution File, Format Version 12.00
# Visual Studio Version 16
VisualStudioVersion = 16.0.30320.27
MinimumVisualStudioVersion = 10.0.40219.1
Project("{FAE04EC0-301F-11D3-BF4B-00C04F79EFBC}") = "AssignmentOnCollections", "AssignmentOnCollections.csproj", "{07D84A4D-57DE-43FA-AE41-8C0D816415C2}"
EndProject
Global
	GlobalSection(SolutionConfigurationPlatforms) = preSolution
		Debug|Any CPU = Debug|Any CPU
		Release|Any CPU = Release|Any CPU
	EndGlobalSection
	GlobalSection(ProjectConfigurationPlatforms) = postSolution
		{07D84A4D-57DE-43FA-AE41-8C0D816415C2}.Debug|Any CPU.ActiveCfg = Debug|Any CPU
		{07D84A4D-57DE-43FA-AE41-8C0D816415C2}.Debug|Any CPU.Build.0 = Debug|Any CPU
		{07D84A4D-57DE-43FA-AE41-8C0D816415C2}.Release|Any CPU.ActiveCfg = Release|Any CPU
		{07D84A4D-57DE-43FA-AE41-8C0D816415C2}.Release|Any CPU.Build.0 = Release|Any CPU
	EndGlobalSection
	GlobalSection(SolutionProperties) = preSolution
		HideSolutionNode = FALSE
	EndGlobalSection
	GlobalSection(ExtensibilityGlobals) = postSolution
		SolutionGuid = {AA194FB4-BF87-4FE9-BC49-A9E4371B9229}
	EndGlobalSection
EndGlobal
